// !$*UTF8*$!
{
	archiveVersion = 1;
	classes = {
	};
	objectVersion = 46;
	objects = {

/* Begin PBXBuildFile section */
		4625B10118E1CE8800D37A08 /* Foundation.framework in Frameworks */ = {isa = PBXBuildFile; fileRef = 4625B10018E1CE8800D37A08 /* Foundation.framework */; };
		4625B10318E1CE8800D37A08 /* CoreGraphics.framework in Frameworks */ = {isa = PBXBuildFile; fileRef = 4625B10218E1CE8800D37A08 /* CoreGraphics.framework */; };
		4625B10518E1CE8800D37A08 /* UIKit.framework in Frameworks */ = {isa = PBXBuildFile; fileRef = 4625B10418E1CE8800D37A08 /* UIKit.framework */; };
		4625B10B18E1CE8800D37A08 /* InfoPlist.strings in Resources */ = {isa = PBXBuildFile; fileRef = 4625B10918E1CE8800D37A08 /* InfoPlist.strings */; };
		4625B10D18E1CE8800D37A08 /* main.m in Sources */ = {isa = PBXBuildFile; fileRef = 4625B10C18E1CE8800D37A08 /* main.m */; };
		4625B11118E1CE8800D37A08 /* UVEAppDelegate.m in Sources */ = {isa = PBXBuildFile; fileRef = 4625B11018E1CE8800D37A08 /* UVEAppDelegate.m */; };
		4625B11418E1CE8800D37A08 /* Main.storyboard in Resources */ = {isa = PBXBuildFile; fileRef = 4625B11218E1CE8800D37A08 /* Main.storyboard */; };
		4625B11718E1CE8800D37A08 /* UVEViewController.m in Sources */ = {isa = PBXBuildFile; fileRef = 4625B11618E1CE8800D37A08 /* UVEViewController.m */; };
		4625B11918E1CE8800D37A08 /* Images.xcassets in Resources */ = {isa = PBXBuildFile; fileRef = 4625B11818E1CE8800D37A08 /* Images.xcassets */; };
		4625B12018E1CE8800D37A08 /* XCTest.framework in Frameworks */ = {isa = PBXBuildFile; fileRef = 4625B11F18E1CE8800D37A08 /* XCTest.framework */; };
		4625B12118E1CE8800D37A08 /* Foundation.framework in Frameworks */ = {isa = PBXBuildFile; fileRef = 4625B10018E1CE8800D37A08 /* Foundation.framework */; };
		4625B12218E1CE8800D37A08 /* UIKit.framework in Frameworks */ = {isa = PBXBuildFile; fileRef = 4625B10418E1CE8800D37A08 /* UIKit.framework */; };
		4625B12A18E1CE8800D37A08 /* InfoPlist.strings in Resources */ = {isa = PBXBuildFile; fileRef = 4625B12818E1CE8800D37A08 /* InfoPlist.strings */; };
		4625B12C18E1CE8800D37A08 /* UIViewExampleTests.m in Sources */ = {isa = PBXBuildFile; fileRef = 4625B12B18E1CE8800D37A08 /* UIViewExampleTests.m */; };
		4625B13718E1CEDE00D37A08 /* UVEView.m in Sources */ = {isa = PBXBuildFile; fileRef = 4625B13618E1CEDE00D37A08 /* UVEView.m */; };
		4625B13918E1CF8900D37A08 /* UVEXIBView.xib in Resources */ = {isa = PBXBuildFile; fileRef = 4625B13818E1CF8900D37A08 /* UVEXIBView.xib */; };
		4625B13C18E1CF9C00D37A08 /* UVEXIBView.m in Sources */ = {isa = PBXBuildFile; fileRef = 4625B13B18E1CF9C00D37A08 /* UVEXIBView.m */; };
/* End PBXBuildFile section */

/* Begin PBXContainerItemProxy section */
		4625B12318E1CE8800D37A08 /* PBXContainerItemProxy */ = {
			isa = PBXContainerItemProxy;
			containerPortal = 4625B0F518E1CE8800D37A08 /* Project object */;
			proxyType = 1;
			remoteGlobalIDString = 4625B0FC18E1CE8800D37A08;
			remoteInfo = UIViewExample;
		};
/* End PBXContainerItemProxy section */

/* Begin PBXFileReference section */
		4625B0FD18E1CE8800D37A08 /* UIViewExample.app */ = {isa = PBXFileReference; explicitFileType = wrapper.application; includeInIndex = 0; path = UIViewExample.app; sourceTree = BUILT_PRODUCTS_DIR; };
		4625B10018E1CE8800D37A08 /* Foundation.framework */ = {isa = PBXFileReference; lastKnownFileType = wrapper.framework; name = Foundation.framework; path = System/Library/Frameworks/Foundation.framework; sourceTree = SDKROOT; };
		4625B10218E1CE8800D37A08 /* CoreGraphics.framework */ = {isa = PBXFileReference; lastKnownFileType = wrapper.framework; name = CoreGraphics.framework; path = System/Library/Frameworks/CoreGraphics.framework; sourceTree = SDKROOT; };
		4625B10418E1CE8800D37A08 /* UIKit.framework */ = {isa = PBXFileReference; lastKnownFileType = wrapper.framework; name = UIKit.framework; path = System/Library/Frameworks/UIKit.framework; sourceTree = SDKROOT; };
		4625B10818E1CE8800D37A08 /* UIViewExample-Info.plist */ = {isa = PBXFileReference; lastKnownFileType = text.plist.xml; path = "UIViewExample-Info.plist"; sourceTree = "<group>"; };
		4625B10A18E1CE8800D37A08 /* en */ = {isa = PBXFileReference; lastKnownFileType = text.plist.strings; name = en; path = en.lproj/InfoPlist.strings; sourceTree = "<group>"; };
		4625B10C18E1CE8800D37A08 /* main.m */ = {isa = PBXFileReference; lastKnownFileType = sourcecode.c.objc; path = main.m; sourceTree = "<group>"; };
		4625B10E18E1CE8800D37A08 /* UIViewExample-Prefix.pch */ = {isa = PBXFileReference; lastKnownFileType = sourcecode.c.h; path = "UIViewExample-Prefix.pch"; sourceTree = "<group>"; };
		4625B10F18E1CE8800D37A08 /* UVEAppDelegate.h */ = {isa = PBXFileReference; lastKnownFileType = sourcecode.c.h; path = UVEAppDelegate.h; sourceTree = "<group>"; };
		4625B11018E1CE8800D37A08 /* UVEAppDelegate.m */ = {isa = PBXFileReference; lastKnownFileType = sourcecode.c.objc; path = UVEAppDelegate.m; sourceTree = "<group>"; };
		4625B11318E1CE8800D37A08 /* Base */ = {isa = PBXFileReference; lastKnownFileType = file.storyboard; name = Base; path = Base.lproj/Main.storyboard; sourceTree = "<group>"; };
		4625B11518E1CE8800D37A08 /* UVEViewController.h */ = {isa = PBXFileReference; lastKnownFileType = sourcecode.c.h; path = UVEViewController.h; sourceTree = "<group>"; };
		4625B11618E1CE8800D37A08 /* UVEViewController.m */ = {isa = PBXFileReference; lastKnownFileType = sourcecode.c.objc; path = UVEViewController.m; sourceTree = "<group>"; };
		4625B11818E1CE8800D37A08 /* Images.xcassets */ = {isa = PBXFileReference; lastKnownFileType = folder.assetcatalog; path = Images.xcassets; sourceTree = "<group>"; };
		4625B11E18E1CE8800D37A08 /* UIViewExampleTests.xctest */ = {isa = PBXFileReference; explicitFileType = wrapper.cfbundle; includeInIndex = 0; path = UIViewExampleTests.xctest; sourceTree = BUILT_PRODUCTS_DIR; };
		4625B11F18E1CE8800D37A08 /* XCTest.framework */ = {isa = PBXFileReference; lastKnownFileType = wrapper.framework; name = XCTest.framework; path = Library/Frameworks/XCTest.framework; sourceTree = DEVELOPER_DIR; };
		4625B12718E1CE8800D37A08 /* UIViewExampleTests-Info.plist */ = {isa = PBXFileReference; lastKnownFileType = text.plist.xml; path = "UIViewExampleTests-Info.plist"; sourceTree = "<group>"; };
		4625B12918E1CE8800D37A08 /* en */ = {isa = PBXFileReference; lastKnownFileType = text.plist.strings; name = en; path = en.lproj/InfoPlist.strings; sourceTree = "<group>"; };
		4625B12B18E1CE8800D37A08 /* UIViewExampleTests.m */ = {isa = PBXFileReference; lastKnownFileType = sourcecode.c.objc; path = UIViewExampleTests.m; sourceTree = "<group>"; };
		4625B13518E1CEDE00D37A08 /* UVEView.h */ = {isa = PBXFileReference; fileEncoding = 4; lastKnownFileType = sourcecode.c.h; path = UVEView.h; sourceTree = "<group>"; };
		4625B13618E1CEDE00D37A08 /* UVEView.m */ = {isa = PBXFileReference; fileEncoding = 4; lastKnownFileType = sourcecode.c.objc; path = UVEView.m; sourceTree = "<group>"; };
		4625B13818E1CF8900D37A08 /* UVEXIBView.xib */ = {isa = PBXFileReference; fileEncoding = 4; lastKnownFileType = file.xib; path = UVEXIBView.xib; sourceTree = "<group>"; };
		4625B13A18E1CF9C00D37A08 /* UVEXIBView.h */ = {isa = PBXFileReference; fileEncoding = 4; lastKnownFileType = sourcecode.c.h; path = UVEXIBView.h; sourceTree = "<group>"; };
		4625B13B18E1CF9C00D37A08 /* UVEXIBView.m */ = {isa = PBXFileReference; fileEncoding = 4; lastKnownFileType = sourcecode.c.objc; path = UVEXIBView.m; sourceTree = "<group>"; };
/* End PBXFileReference section */

/* Begin PBXFrameworksBuildPhase section */
		4625B0FA18E1CE8800D37A08 /* Frameworks */ = {
			isa = PBXFrameworksBuildPhase;
			buildActionMask = 2147483647;
			files = (
				4625B10318E1CE8800D37A08 /* CoreGraphics.framework in Frameworks */,
				4625B10518E1CE8800D37A08 /* UIKit.framework in Frameworks */,
				4625B10118E1CE8800D37A08 /* Foundation.framework in Frameworks */,
			);
			runOnlyForDeploymentPostprocessing = 0;
		};
		4625B11B18E1CE8800D37A08 /* Frameworks */ = {
			isa = PBXFrameworksBuildPhase;
			buildActionMask = 2147483647;
			files = (
				4625B12018E1CE8800D37A08 /* XCTest.framework in Frameworks */,
				4625B12218E1CE8800D37A08 /* UIKit.framework in Frameworks */,
				4625B12118E1CE8800D37A08 /* Foundation.framework in Frameworks */,
			);
			runOnlyForDeploymentPostprocessing = 0;
		};
/* End PBXFrameworksBuildPhase section */

/* Begin PBXGroup section */
		4625B0F418E1CE8800D37A08 = {
			isa = PBXGroup;
			children = (
				4625B10618E1CE8800D37A08 /* UIViewExample */,
				4625B12518E1CE8800D37A08 /* UIViewExampleTests */,
				4625B0FF18E1CE8800D37A08 /* Frameworks */,
				4625B0FE18E1CE8800D37A08 /* Products */,
			);
			sourceTree = "<group>";
		};
		4625B0FE18E1CE8800D37A08 /* Products */ = {
			isa = PBXGroup;
			children = (
				4625B0FD18E1CE8800D37A08 /* UIViewExample.app */,
				4625B11E18E1CE8800D37A08 /* UIViewExampleTests.xctest */,
			);
			name = Products;
			sourceTree = "<group>";
		};
		4625B0FF18E1CE8800D37A08 /* Frameworks */ = {
			isa = PBXGroup;
			children = (
				4625B10018E1CE8800D37A08 /* Foundation.framework */,
				4625B10218E1CE8800D37A08 /* CoreGraphics.framework */,
				4625B10418E1CE8800D37A08 /* UIKit.framework */,
				4625B11F18E1CE8800D37A08 /* XCTest.framework */,
			);
			name = Frameworks;
			sourceTree = "<group>";
		};
		4625B10618E1CE8800D37A08 /* UIViewExample */ = {
			isa = PBXGroup;
			children = (
				4625B10F18E1CE8800D37A08 /* UVEAppDelegate.h */,
				4625B11018E1CE8800D37A08 /* UVEAppDelegate.m */,
				4625B11218E1CE8800D37A08 /* Main.storyboard */,
				4625B11518E1CE8800D37A08 /* UVEViewController.h */,
				4625B11618E1CE8800D37A08 /* UVEViewController.m */,
				4625B13518E1CEDE00D37A08 /* UVEView.h */,
				4625B13618E1CEDE00D37A08 /* UVEView.m */,
				4625B13A18E1CF9C00D37A08 /* UVEXIBView.h */,
				4625B13B18E1CF9C00D37A08 /* UVEXIBView.m */,
				4625B13818E1CF8900D37A08 /* UVEXIBView.xib */,
				4625B11818E1CE8800D37A08 /* Images.xcassets */,
				4625B10718E1CE8800D37A08 /* Supporting Files */,
			);
			path = UIViewExample;
			sourceTree = "<group>";
		};
		4625B10718E1CE8800D37A08 /* Supporting Files */ = {
			isa = PBXGroup;
			children = (
				4625B10818E1CE8800D37A08 /* UIViewExample-Info.plist */,
				4625B10918E1CE8800D37A08 /* InfoPlist.strings */,
				4625B10C18E1CE8800D37A08 /* main.m */,
				4625B10E18E1CE8800D37A08 /* UIViewExample-Prefix.pch */,
			);
			name = "Supporting Files";
			sourceTree = "<group>";
		};
		4625B12518E1CE8800D37A08 /* UIViewExampleTests */ = {
			isa = PBXGroup;
			children = (
				4625B12B18E1CE8800D37A08 /* UIViewExampleTests.m */,
				4625B12618E1CE8800D37A08 /* Supporting Files */,
			);
			path = UIViewExampleTests;
			sourceTree = "<group>";
		};
		4625B12618E1CE8800D37A08 /* Supporting Files */ = {
			isa = PBXGroup;
			children = (
				4625B12718E1CE8800D37A08 /* UIViewExampleTests-Info.plist */,
				4625B12818E1CE8800D37A08 /* InfoPlist.strings */,
			);
			name = "Supporting Files";
			sourceTree = "<group>";
		};
/* End PBXGroup section */

/* Begin PBXNativeTarget section */
		4625B0FC18E1CE8800D37A08 /* UIViewExample */ = {
			isa = PBXNativeTarget;
			buildConfigurationList = 4625B12F18E1CE8800D37A08 /* Build configuration list for PBXNativeTarget "UIViewExample" */;
			buildPhases = (
				4625B0F918E1CE8800D37A08 /* Sources */,
				4625B0FA18E1CE8800D37A08 /* Frameworks */,
				4625B0FB18E1CE8800D37A08 /* Resources */,
			);
			buildRules = (
			);
			dependencies = (
			);
			name = UIViewExample;
			productName = UIViewExample;
			productReference = 4625B0FD18E1CE8800D37A08 /* UIViewExample.app */;
			productType = "com.apple.product-type.application";
		};
		4625B11D18E1CE8800D37A08 /* UIViewExampleTests */ = {
			isa = PBXNativeTarget;
			buildConfigurationList = 4625B13218E1CE8800D37A08 /* Build configuration list for PBXNativeTarget "UIViewExampleTests" */;
			buildPhases = (
				4625B11A18E1CE8800D37A08 /* Sources */,
				4625B11B18E1CE8800D37A08 /* Frameworks */,
				4625B11C18E1CE8800D37A08 /* Resources */,
			);
			buildRules = (
			);
			dependencies = (
				4625B12418E1CE8800D37A08 /* PBXTargetDependency */,
			);
			name = UIViewExampleTests;
			productName = UIViewExampleTests;
			productReference = 4625B11E18E1CE8800D37A08 /* UIViewExampleTests.xctest */;
			productType = "com.apple.product-type.bundle.unit-test";
		};
/* End PBXNativeTarget section */

/* Begin PBXProject section */
		4625B0F518E1CE8800D37A08 /* Project object */ = {
			isa = PBXProject;
			attributes = {
				CLASSPREFIX = UVE;
				LastUpgradeCheck = 0510;
				ORGANIZATIONNAME = mito;
				TargetAttributes = {
					4625B11D18E1CE8800D37A08 = {
						TestTargetID = 4625B0FC18E1CE8800D37A08;
					};
				};
			};
			buildConfigurationList = 4625B0F818E1CE8800D37A08 /* Build configuration list for PBXProject "UIViewExample" */;
			compatibilityVersion = "Xcode 3.2";
			developmentRegion = English;
			hasScannedForEncodings = 0;
			knownRegions = (
				en,
				Base,
			);
			mainGroup = 4625B0F418E1CE8800D37A08;
			productRefGroup = 4625B0FE18E1CE8800D37A08 /* Products */;
			projectDirPath = "";
			projectRoot = "";
			targets = (
				4625B0FC18E1CE8800D37A08 /* UIViewExample */,
				4625B11D18E1CE8800D37A08 /* UIViewExampleTests */,
			);
		};
/* End PBXProject section */

/* Begin PBXResourcesBuildPhase section */
		4625B0FB18E1CE8800D37A08 /* Resources */ = {
			isa = PBXResourcesBuildPhase;
			buildActionMask = 2147483647;
			files = (
				4625B11918E1CE8800D37A08 /* Images.xcassets in Resources */,
				4625B13918E1CF8900D37A08 /* UVEXIBView.xib in Resources */,
				4625B10B18E1CE8800D37A08 /* InfoPlist.strings in Resources */,
				4625B11418E1CE8800D37A08 /* Main.storyboard in Resources */,
			);
			runOnlyForDeploymentPostprocessing = 0;
		};
		4625B11C18E1CE8800D37A08 /* Resources */ = {
			isa = PBXResourcesBuildPhase;
			buildActionMask = 2147483647;
			files = (
				4625B12A18E1CE8800D37A08 /* InfoPlist.strings in Resources */,
			);
			runOnlyForDeploymentPostprocessing = 0;
		};
/* End PBXResourcesBuildPhase section */

/* Begin PBXSourcesBuildPhase section */
		4625B0F918E1CE8800D37A08 /* Sources */ = {
			isa = PBXSourcesBuildPhase;
			buildActionMask = 2147483647;
			files = (
				4625B13C18E1CF9C00D37A08 /* UVEXIBView.m in Sources */,
				4625B10D18E1CE8800D37A08 /* main.m in Sources */,
				4625B11718E1CE8800D37A08 /* UVEViewController.m in Sources */,
				4625B11118E1CE8800D37A08 /* UVEAppDelegate.m in Sources */,
				4625B13718E1CEDE00D37A08 /* UVEView.m in Sources */,
			);
			runOnlyForDeploymentPostprocessing = 0;
		};
		4625B11A18E1CE8800D37A08 /* Sources */ = {
			isa = PBXSourcesBuildPhase;
			buildActionMask = 2147483647;
			files = (
				4625B12C18E1CE8800D37A08 /* UIViewExampleTests.m in Sources */,
			);
			runOnlyForDeploymentPostprocessing = 0;
		};
/* End PBXSourcesBuildPhase section */

/* Begin PBXTargetDependency section */
		4625B12418E1CE8800D37A08 /* PBXTargetDependency */ = {
			isa = PBXTargetDependency;
			target = 4625B0FC18E1CE8800D37A08 /* UIViewExample */;
			targetProxy = 4625B12318E1CE8800D37A08 /* PBXContainerItemProxy */;
		};
/* End PBXTargetDependency section */

/* Begin PBXVariantGroup section */
		4625B10918E1CE8800D37A08 /* InfoPlist.strings */ = {
			isa = PBXVariantGroup;
			children = (
				4625B10A18E1CE8800D37A08 /* en */,
			);
			name = InfoPlist.strings;
			sourceTree = "<group>";
		};
		4625B11218E1CE8800D37A08 /* Main.storyboard */ = {
			isa = PBXVariantGroup;
			children = (
				4625B11318E1CE8800D37A08 /* Base */,
			);
			name = Main.storyboard;
			sourceTree = "<group>";
		};
		4625B12818E1CE8800D37A08 /* InfoPlist.strings */ = {
			isa = PBXVariantGroup;
			children = (
				4625B12918E1CE8800D37A08 /* en */,
			);
			name = InfoPlist.strings;
			sourceTree = "<group>";
		};
/* End PBXVariantGroup section */

/* Begin XCBuildConfiguration section */
		4625B12D18E1CE8800D37A08 /* Debug */ = {
			isa = XCBuildConfiguration;
			buildSettings = {
				ALWAYS_SEARCH_USER_PATHS = NO;
				CLANG_CXX_LANGUAGE_STANDARD = "gnu++0x";
				CLANG_CXX_LIBRARY = "libc++";
				CLANG_ENABLE_MODULES = YES;
				CLANG_ENABLE_OBJC_ARC = YES;
				CLANG_WARN_BOOL_CONVERSION = YES;
				CLANG_WARN_CONSTANT_CONVERSION = YES;
				CLANG_WARN_DIRECT_OBJC_ISA_USAGE = YES_ERROR;
				CLANG_WARN_EMPTY_BODY = YES;
				CLANG_WARN_ENUM_CONVERSION = YES;
				CLANG_WARN_INT_CONVERSION = YES;
				CLANG_WARN_OBJC_ROOT_CLASS = YES_ERROR;
				CLANG_WARN__DUPLICATE_METHOD_MATCH = YES;
				"CODE_SIGN_IDENTITY[sdk=iphoneos*]" = "iPhone Developer";
				COPY_PHASE_STRIP = NO;
				GCC_C_LANGUAGE_STANDARD = gnu99;
				GCC_DYNAMIC_NO_PIC = NO;
				GCC_OPTIMIZATION_LEVEL = 0;
				GCC_PREPROCESSOR_DEFINITIONS = (
					"DEBUG=1",
					"$(inherited)",
				);
				GCC_SYMBOLS_PRIVATE_EXTERN = NO;
				GCC_WARN_64_TO_32_BIT_CONVERSION = YES;
				GCC_WARN_ABOUT_RETURN_TYPE = YES_ERROR;
				GCC_WARN_UNDECLARED_SELECTOR = YES;
				GCC_WARN_UNINITIALIZED_AUTOS = YES_AGGRESSIVE;
				GCC_WARN_UNUSED_FUNCTION = YES;
				GCC_WARN_UNUSED_VARIABLE = YES;
				IPHONEOS_DEPLOYMENT_TARGET = 7.1;
				ONLY_ACTIVE_ARCH = YES;
				SDKROOT = iphoneos;
			};
			name = Debug;
		};
		4625B12E18E1CE8800D37A08 /* Release */ = {
			isa = XCBuildConfiguration;
			buildSettings = {
				ALWAYS_SEARCH_USER_PATHS = NO;
				CLANG_CXX_LANGUAGE_STANDARD = "gnu++0x";
				CLANG_CXX_LIBRARY = "libc++";
				CLANG_ENABLE_MODULES = YES;
				CLANG_ENABLE_OBJC_ARC = YES;
				CLANG_WARN_BOOL_CONVERSION = YES;
				CLANG_WARN_CONSTANT_CONVERSION = YES;
				CLANG_WARN_DIRECT_OBJC_ISA_USAGE = YES_ERROR;
				CLANG_WARN_EMPTY_BODY = YES;
				CLANG_WARN_ENUM_CONVERSION = YES;
				CLANG_WARN_INT_CONVERSION = YES;
				CLANG_WARN_OBJC_ROOT_CLASS = YES_ERROR;
				CLANG_WARN__DUPLICATE_METHOD_MATCH = YES;
				"CODE_SIGN_IDENTITY[sdk=iphoneos*]" = "iPhone Developer";
				COPY_PHASE_STRIP = YES;
				ENABLE_NS_ASSERTIONS = NO;
				GCC_C_LANGUAGE_STANDARD = gnu99;
				GCC_WARN_64_TO_32_BIT_CONVERSION = YES;
				GCC_WARN_ABOUT_RETURN_TYPE = YES_ERROR;
				GCC_WARN_UNDECLARED_SELECTOR = YES;
				GCC_WARN_UNINITIALIZED_AUTOS = YES_AGGRESSIVE;
				GCC_WARN_UNUSED_FUNCTION = YES;
				GCC_WARN_UNUSED_VARIABLE = YES;
				IPHONEOS_DEPLOYMENT_TARGET = 7.1;
				SDKROOT = iphoneos;
				VALIDATE_PRODUCT = YES;
			};
			name = Release;
		};
		4625B13018E1CE8800D37A08 /* Debug */ = {
			isa = XCBuildConfiguration;
			buildSettings = {
				ASSETCATALOG_COMPILER_APPICON_NAME = AppIcon;
				ASSETCATALOG_COMPILER_LAUNCHIMAGE_NAME = LaunchImage;
				GCC_PRECOMPILE_PREFIX_HEADER = YES;
				GCC_PREFIX_HEADER = "UIViewExample/UIViewExample-Prefix.pch";
				INFOPLIST_FILE = "UIViewExample/UIViewExample-Info.plist";
				PRODUCT_NAME = "$(TARGET_NAME)";
				WRAPPER_EXTENSION = app;
			};
			name = Debug;
		};
		4625B13118E1CE8800D37A08 /* Release */ = {
			isa = XCBuildConfiguration;
			buildSettings = {
				ASSETCATALOG_COMPILER_APPICON_NAME = AppIcon;
				ASSETCATALOG_COMPILER_LAUNCHIMAGE_NAME = LaunchImage;
				GCC_PRECOMPILE_PREFIX_HEADER = YES;
				GCC_PREFIX_HEADER = "UIViewExample/UIViewExample-Prefix.pch";
				INFOPLIST_FILE = "UIViewExample/UIViewExample-Info.plist";
				PRODUCT_NAME = "$(TARGET_NAME)";
				WRAPPER_EXTENSION = app;
			};
			name = Release;
		};
		4625B13318E1CE8800D37A08 /* Debug */ = {
			isa = XCBuildConfiguration;
			buildSettings = {
				BUNDLE_LOADER = "$(BUILT_PRODUCTS_DIR)/UIViewExample.app/UIViewExample";
				FRAMEWORK_SEARCH_PATHS = (
					"$(SDKROOT)/Developer/Library/Frameworks",
					"$(inherited)",
					"$(DEVELOPER_FRAMEWORKS_DIR)",
				);
				GCC_PRECOMPILE_PREFIX_HEADER = YES;
				GCC_PREFIX_HEADER = "UIViewExample/UIViewExample-Prefix.pch";
				GCC_PREPROCESSOR_DEFINITIONS = (
					"DEBUG=1",
					"$(inherited)",
				);
				INFOPLIST_FILE = "UIViewExampleTests/UIViewExampleTests-Info.plist";
				PRODUCT_NAME = "$(TARGET_NAME)";
				TEST_HOST = "$(BUNDLE_LOADER)";
				WRAPPER_EXTENSION = xctest;
			};
			name = Debug;
		};
		4625B13418E1CE8800D37A08 /* Release */ = {
			isa = XCBuildConfiguration;
			buildSettings = {
				BUNDLE_LOADER = "$(BUILT_PRODUCTS_DIR)/UIViewExample.app/UIViewExample";
				FRAMEWORK_SEARCH_PATHS = (
					"$(SDKROOT)/Developer/Library/Frameworks",
					"$(inherited)",
					"$(DEVELOPER_FRAMEWORKS_DIR)",
				);
				GCC_PRECOMPILE_PREFIX_HEADER = YES;
				GCC_PREFIX_HEADER = "UIViewExample/UIViewExample-Prefix.pch";
				INFOPLIST_FILE = "UIViewExampleTests/UIViewExampleTests-Info.plist";
				PRODUCT_NAME = "$(TARGET_NAME)";
				TEST_HOST = "$(BUNDLE_LOADER)";
				WRAPPER_EXTENSION = xctest;
			};
			name = Release;
		};
/* End XCBuildConfiguration section */

/* Begin XCConfigurationList section */
		4625B0F818E1CE8800D37A08 /* Build configuration list for PBXProject "UIViewExample" */ = {
			isa = XCConfigurationList;
			buildConfigurations = (
				4625B12D18E1CE8800D37A08 /* Debug */,
				4625B12E18E1CE8800D37A08 /* Release */,
			);
			defaultConfigurationIsVisible = 0;
			defaultConfigurationName = Release;
		};
		4625B12F18E1CE8800D37A08 /* Build configuration list for PBXNativeTarget "UIViewExample" */ = {
			isa = XCConfigurationList;
			buildConfigurations = (
				4625B13018E1CE8800D37A08 /* Debug */,
				4625B13118E1CE8800D37A08 /* Release */,
			);
			defaultConfigurationIsVisible = 0;
		};
		4625B13218E1CE8800D37A08 /* Build configuration list for PBXNativeTarget "UIViewExampleTests" */ = {
			isa = XCConfigurationList;
			buildConfigurations = (
				4625B13318E1CE8800D37A08 /* Debug */,
				4625B13418E1CE8800D37A08 /* Release */,
			);
			defaultConfigurationIsVisible = 0;
		};
/* End XCConfigurationList section */
	};
	rootObject = 4625B0F518E1CE8800D37A08 /* Project object */;
}
